
Microsoft Visual Studio Solution File, Format Version 12.00
# Visual Studio Version 17
VisualStudioVersion = 17.7.34031.279
MinimumVisualStudioVersion = 10.0.40219.1
Project("{FAE04EC0-301F-11D3-BF4B-00C04F79EFBC}") = "VKR", "VKR.csproj", "{DB0963ED-28B5-4F85-A33C-723D0F2E6EA8}"
EndProject
Global
	GlobalSection(SolutionConfigurationPlatforms) = preSolution
		Debug|Any CPU = Debug|Any CPU
		Release|Any CPU = Release|Any CPU
	EndGlobalSection
	GlobalSection(ProjectConfigurationPlatforms) = postSolution
		{DB0963ED-28B5-4F85-A33C-723D0F2E6EA8}.Debug|Any CPU.ActiveCfg = Debug|Any CPU
		{DB0963ED-28B5-4F85-A33C-723D0F2E6EA8}.Debug|Any CPU.Build.0 = Debug|Any CPU
		{DB0963ED-28B5-4F85-A33C-723D0F2E6EA8}.Release|Any CPU.ActiveCfg = Release|Any CPU
		{DB0963ED-28B5-4F85-A33C-723D0F2E6EA8}.Release|Any CPU.Build.0 = Release|Any CPU
	EndGlobalSection
	GlobalSection(SolutionProperties) = preSolution
		HideSolutionNode = FALSE
	EndGlobalSection
	GlobalSection(ExtensibilityGlobals) = postSolution
		SolutionGuid = {E30549EE-8F88-4140-87CA-24E174F66CB2}
	EndGlobalSection
EndGlobal
